
Microsoft Visual Studio Solution File, Format Version 12.00
# Visual Studio 15
VisualStudioVersion = 15.0.28307.539
MinimumVisualStudioVersion = 10.0.40219.1
Project("{FAE04EC0-301F-11D3-BF4B-00C04F79EFBC}") = "RentedMovieProject", "RentedMovieProject\RentedMovieProject.csproj", "{BFA29F89-DF57-45B2-ABC2-06FBA975D486}"
EndProject
Project("{FAE04EC0-301F-11D3-BF4B-00C04F79EFBC}") = "UnitTestCases", "UnitTestCases\UnitTestCases.csproj", "{2D3237C9-EC94-4E48-AB6D-C9D3955BECAA}"
EndProject
Global
	GlobalSection(SolutionConfigurationPlatforms) = preSolution
		Debug|Any CPU = Debug|Any CPU
		Release|Any CPU = Release|Any CPU
	EndGlobalSection
	GlobalSection(ProjectConfigurationPlatforms) = postSolution
		{BFA29F89-DF57-45B2-ABC2-06FBA975D486}.Debug|Any CPU.ActiveCfg = Debug|Any CPU
		{BFA29F89-DF57-45B2-ABC2-06FBA975D486}.Debug|Any CPU.Build.0 = Debug|Any CPU
		{BFA29F89-DF57-45B2-ABC2-06FBA975D486}.Release|Any CPU.ActiveCfg = Release|Any CPU
		{BFA29F89-DF57-45B2-ABC2-06FBA975D486}.Release|Any CPU.Build.0 = Release|Any CPU
		{2D3237C9-EC94-4E48-AB6D-C9D3955BECAA}.Debug|Any CPU.ActiveCfg = Debug|Any CPU
		{2D3237C9-EC94-4E48-AB6D-C9D3955BECAA}.Debug|Any CPU.Build.0 = Debug|Any CPU
		{2D3237C9-EC94-4E48-AB6D-C9D3955BECAA}.Release|Any CPU.ActiveCfg = Release|Any CPU
		{2D3237C9-EC94-4E48-AB6D-C9D3955BECAA}.Release|Any CPU.Build.0 = Release|Any CPU
	EndGlobalSection
	GlobalSection(SolutionProperties) = preSolution
		HideSolutionNode = FALSE
	EndGlobalSection
	GlobalSection(ExtensibilityGlobals) = postSolution
		SolutionGuid = {2D14D088-DD54-4F5D-9DCE-6189AA5CBC59}
	EndGlobalSection
EndGlobal
